# This file is autogenerated, do not edit; changes may be undone by the next 'dep ensure'.


[[projects]]
  name = "github.com/omise/omise-go"
  packages = [
    ".",
    "internal",
    "internal/creds",
    "operations",
    "schedule"
  ]
  revision = "54fff3590f2daa4c0bde05dc3aeafaf12c2bcb44"
  version = "v1.0.2"

[solve-meta]
  analyzer-name = "dep"
  analyzer-version = 1
  inputs-digest = "df897dc049eb3cc2af8f7bee45fdadabd63b8c8b2206c4b2ec8a169dc78bed33"
  solver-name = "gps-cdcl"
  solver-version = 1
